// !$*UTF8*$!
{
	archiveVersion = 1;
	classes = {
	};
	objectVersion = 46;
	objects = {

/* Begin PBXBuildFile section */
		580864021A39EE21002F35BE /* UIPopupView.m in Sources */ = {isa = PBXBuildFile; fileRef = 580864011A39EE21002F35BE /* UIPopupView.m */; };
		580864071A39F152002F35BE /* UIBuyGoldVIew.m in Sources */ = {isa = PBXBuildFile; fileRef = 580864061A39F152002F35BE /* UIBuyGoldVIew.m */; };
		5820E6061A3B0ADB00D6DB98 /* SKNode+Frame.m in Sources */ = {isa = PBXBuildFile; fileRef = 5820E6031A3B0ADB00D6DB98 /* SKNode+Frame.m */; };
		5820E6071A3B0ADB00D6DB98 /* UIView+Frame.m in Sources */ = {isa = PBXBuildFile; fileRef = 5820E6051A3B0ADB00D6DB98 /* UIView+Frame.m */; };
		5820E60B1A3B2DA800D6DB98 /* bgBuyGoldCell@2x.png in Resources */ = {isa = PBXBuildFile; fileRef = 5820E6081A3B2DA800D6DB98 /* bgBuyGoldCell@2x.png */; };
		5820E60C1A3B2DA800D6DB98 /* btnBuyGold@2x.png in Resources */ = {isa = PBXBuildFile; fileRef = 5820E6091A3B2DA800D6DB98 /* btnBuyGold@2x.png */; };
		5820E60D1A3B2DA800D6DB98 /* icGold@2x.png in Resources */ = {isa = PBXBuildFile; fileRef = 5820E60A1A3B2DA800D6DB98 /* icGold@2x.png */; };
		5820E6101A3B38CE00D6DB98 /* UIPayoutView.m in Sources */ = {isa = PBXBuildFile; fileRef = 5820E60F1A3B38CE00D6DB98 /* UIPayoutView.m */; };
		5820E6131A3B446900D6DB98 /* bgTxtAmount@2x.png in Resources */ = {isa = PBXBuildFile; fileRef = 5820E6111A3B446900D6DB98 /* bgTxtAmount@2x.png */; };
		5820E6141A3B446900D6DB98 /* bgTxtPaypalAcc@2x.png in Resources */ = {isa = PBXBuildFile; fileRef = 5820E6121A3B446900D6DB98 /* bgTxtPaypalAcc@2x.png */; };
		5820E6161A3B4E7100D6DB98 /* bgRequest@2x.png in Resources */ = {isa = PBXBuildFile; fileRef = 5820E6151A3B4E7100D6DB98 /* bgRequest@2x.png */; };
		5820E6191A3B52A800D6DB98 /* UIHistoryView.m in Sources */ = {isa = PBXBuildFile; fileRef = 5820E6181A3B52A700D6DB98 /* UIHistoryView.m */; };
		5820E61C1A3B57BE00D6DB98 /* HistoryTableViewCell.m in Sources */ = {isa = PBXBuildFile; fileRef = 5820E61B1A3B57BE00D6DB98 /* HistoryTableViewCell.m */; };
		5868DB2D1A38829F000CCED1 /* LCVeticalCell.m in Sources */ = {isa = PBXBuildFile; fileRef = 5868DB2C1A38829F000CCED1 /* LCVeticalCell.m */; };
		5896AD611A3A050B00C35A1A /* btnClose@2x.png in Resources */ = {isa = PBXBuildFile; fileRef = 5896AD5F1A3A050B00C35A1A /* btnClose@2x.png */; };
		5896AD621A3A050B00C35A1A /* bgPopupView@2x.png in Resources */ = {isa = PBXBuildFile; fileRef = 5896AD601A3A050B00C35A1A /* bgPopupView@2x.png */; };
		5896AD641A3A084500C35A1A /* Oswald-Bold.otf in Resources */ = {isa = PBXBuildFile; fileRef = 5896AD631A3A084500C35A1A /* Oswald-Bold.otf */; };
		5896AD671A3A107E00C35A1A /* BuyGoldTableViewCell.m in Sources */ = {isa = PBXBuildFile; fileRef = 5896AD661A3A107E00C35A1A /* BuyGoldTableViewCell.m */; };
		6E3E463C1A36AFD7000DD2FA /* main.m in Sources */ = {isa = PBXBuildFile; fileRef = 6E3E463B1A36AFD7000DD2FA /* main.m */; };
		6E3E463F1A36AFD7000DD2FA /* AppDelegate.m in Sources */ = {isa = PBXBuildFile; fileRef = 6E3E463E1A36AFD7000DD2FA /* AppDelegate.m */; };
		6E3E46421A36AFD7000DD2FA /* GameScene.m in Sources */ = {isa = PBXBuildFile; fileRef = 6E3E46411A36AFD7000DD2FA /* GameScene.m */; };
		6E3E46441A36AFD7000DD2FA /* GameScene.sks in Resources */ = {isa = PBXBuildFile; fileRef = 6E3E46431A36AFD7000DD2FA /* GameScene.sks */; };
		6E3E46471A36AFD7000DD2FA /* GameViewController.m in Sources */ = {isa = PBXBuildFile; fileRef = 6E3E46461A36AFD7000DD2FA /* GameViewController.m */; };
		6E3E464A1A36AFD7000DD2FA /* Main.storyboard in Resources */ = {isa = PBXBuildFile; fileRef = 6E3E46481A36AFD7000DD2FA /* Main.storyboard */; };
		6E3E464C1A36AFD7000DD2FA /* Images.xcassets in Resources */ = {isa = PBXBuildFile; fileRef = 6E3E464B1A36AFD7000DD2FA /* Images.xcassets */; };
		6E3E464F1A36AFD7000DD2FA /* LaunchScreen.xib in Resources */ = {isa = PBXBuildFile; fileRef = 6E3E464D1A36AFD7000DD2FA /* LaunchScreen.xib */; };
		6E3E465B1A36AFD7000DD2FA /* SpriteDemoTests.m in Sources */ = {isa = PBXBuildFile; fileRef = 6E3E465A1A36AFD7000DD2FA /* SpriteDemoTests.m */; };
		6E3E467C1A36B067000DD2FA /* bg@2x.png in Resources */ = {isa = PBXBuildFile; fileRef = 6E3E46651A36B067000DD2FA /* bg@2x.png */; };
		6E3E467D1A36B067000DD2FA /* bgBet@2x.png in Resources */ = {isa = PBXBuildFile; fileRef = 6E3E46661A36B067000DD2FA /* bgBet@2x.png */; };
		6E3E467E1A36B067000DD2FA /* bgCenterMachine@2x.png in Resources */ = {isa = PBXBuildFile; fileRef = 6E3E46671A36B067000DD2FA /* bgCenterMachine@2x.png */; };
		6E3E467F1A36B067000DD2FA /* bgHeader@2x.png in Resources */ = {isa = PBXBuildFile; fileRef = 6E3E46681A36B067000DD2FA /* bgHeader@2x.png */; };
		6E3E46801A36B067000DD2FA /* bgLeft@2x.png in Resources */ = {isa = PBXBuildFile; fileRef = 6E3E46691A36B067000DD2FA /* bgLeft@2x.png */; };
		6E3E46811A36B067000DD2FA /* bgLevel@2x.png in Resources */ = {isa = PBXBuildFile; fileRef = 6E3E466A1A36B067000DD2FA /* bgLevel@2x.png */; };
		6E3E46821A36B067000DD2FA /* bgMachine@2x.png in Resources */ = {isa = PBXBuildFile; fileRef = 6E3E466B1A36B067000DD2FA /* bgMachine@2x.png */; };
		6E3E46831A36B067000DD2FA /* bgMaxBet@2x.png in Resources */ = {isa = PBXBuildFile; fileRef = 6E3E466C1A36B067000DD2FA /* bgMaxBet@2x.png */; };
		6E3E46841A36B067000DD2FA /* bgMoney@2x.png in Resources */ = {isa = PBXBuildFile; fileRef = 6E3E466D1A36B067000DD2FA /* bgMoney@2x.png */; };
		6E3E46851A36B067000DD2FA /* bgRight@2x.png in Resources */ = {isa = PBXBuildFile; fileRef = 6E3E466E1A36B067000DD2FA /* bgRight@2x.png */; };
		6E3E46861A36B067000DD2FA /* bgWin@2x.png in Resources */ = {isa = PBXBuildFile; fileRef = 6E3E466F1A36B067000DD2FA /* bgWin@2x.png */; };
		6E3E46871A36B067000DD2FA /* btnBet@2x.png in Resources */ = {isa = PBXBuildFile; fileRef = 6E3E46701A36B067000DD2FA /* btnBet@2x.png */; };
		6E3E46881A36B067000DD2FA /* btnBuy@2x.png in Resources */ = {isa = PBXBuildFile; fileRef = 6E3E46711A36B067000DD2FA /* btnBuy@2x.png */; };
		6E3E46891A36B067000DD2FA /* btnHistory@2x.png in Resources */ = {isa = PBXBuildFile; fileRef = 6E3E46721A36B067000DD2FA /* btnHistory@2x.png */; };
		6E3E468A1A36B067000DD2FA /* btnMaxBet@2x.png in Resources */ = {isa = PBXBuildFile; fileRef = 6E3E46731A36B067000DD2FA /* btnMaxBet@2x.png */; };
		6E3E468B1A36B067000DD2FA /* btnPayout@2x.png in Resources */ = {isa = PBXBuildFile; fileRef = 6E3E46741A36B067000DD2FA /* btnPayout@2x.png */; };
		6E3E468C1A36B067000DD2FA /* btnShop@2x.png in Resources */ = {isa = PBXBuildFile; fileRef = 6E3E46751A36B067000DD2FA /* btnShop@2x.png */; };
		6E3E468D1A36B067000DD2FA /* btnSpin@2x.png in Resources */ = {isa = PBXBuildFile; fileRef = 6E3E46761A36B067000DD2FA /* btnSpin@2x.png */; };
		6E3E468E1A36B067000DD2FA /* Default-568h@2x.png in Resources */ = {isa = PBXBuildFile; fileRef = 6E3E46771A36B067000DD2FA /* Default-568h@2x.png */; };
		6E3E468F1A36B067000DD2FA /* jackPot0@2x.png in Resources */ = {isa = PBXBuildFile; fileRef = 6E3E46781A36B067000DD2FA /* jackPot0@2x.png */; };
		6E3E46901A36B067000DD2FA /* jackPot1@2x.png in Resources */ = {isa = PBXBuildFile; fileRef = 6E3E46791A36B067000DD2FA /* jackPot1@2x.png */; };
		6E3E46911A36B067000DD2FA /* jackPot2@2x.png in Resources */ = {isa = PBXBuildFile; fileRef = 6E3E467A1A36B067000DD2FA /* jackPot2@2x.png */; };
		6E3E46921A36B067000DD2FA /* jackPot3@2x.png in Resources */ = {isa = PBXBuildFile; fileRef = 6E3E467B1A36B067000DD2FA /* jackPot3@2x.png */; };
		6E8514FF1A38458A00AE65C2 /* Utils.m in Sources */ = {isa = PBXBuildFile; fileRef = 6E8514FE1A38458A00AE65C2 /* Utils.m */; };
/* End PBXBuildFile section */

/* Begin PBXContainerItemProxy section */
		6E3E46551A36AFD7000DD2FA /* PBXContainerItemProxy */ = {
			isa = PBXContainerItemProxy;
			containerPortal = 6E3E462E1A36AFD6000DD2FA /* Project object */;
			proxyType = 1;
			remoteGlobalIDString = 6E3E46351A36AFD6000DD2FA;
			remoteInfo = SpriteDemo;
		};
/* End PBXContainerItemProxy section */

/* Begin PBXFileReference section */
		580864001A39EE21002F35BE /* UIPopupView.h */ = {isa = PBXFileReference; fileEncoding = 4; lastKnownFileType = sourcecode.c.h; path = UIPopupView.h; sourceTree = "<group>"; };
		580864011A39EE21002F35BE /* UIPopupView.m */ = {isa = PBXFileReference; fileEncoding = 4; lastKnownFileType = sourcecode.c.objc; path = UIPopupView.m; sourceTree = "<group>"; };
		580864051A39F152002F35BE /* UIBuyGoldVIew.h */ = {isa = PBXFileReference; fileEncoding = 4; lastKnownFileType = sourcecode.c.h; path = UIBuyGoldVIew.h; sourceTree = "<group>"; };
		580864061A39F152002F35BE /* UIBuyGoldVIew.m */ = {isa = PBXFileReference; fileEncoding = 4; lastKnownFileType = sourcecode.c.objc; path = UIBuyGoldVIew.m; sourceTree = "<group>"; };
		5820E6021A3B0ADB00D6DB98 /* SKNode+Frame.h */ = {isa = PBXFileReference; fileEncoding = 4; lastKnownFileType = sourcecode.c.h; path = "SKNode+Frame.h"; sourceTree = "<group>"; };
		5820E6031A3B0ADB00D6DB98 /* SKNode+Frame.m */ = {isa = PBXFileReference; fileEncoding = 4; lastKnownFileType = sourcecode.c.objc; path = "SKNode+Frame.m"; sourceTree = "<group>"; };
		5820E6041A3B0ADB00D6DB98 /* UIView+Frame.h */ = {isa = PBXFileReference; fileEncoding = 4; lastKnownFileType = sourcecode.c.h; path = "UIView+Frame.h"; sourceTree = "<group>"; };
		5820E6051A3B0ADB00D6DB98 /* UIView+Frame.m */ = {isa = PBXFileReference; fileEncoding = 4; lastKnownFileType = sourcecode.c.objc; path = "UIView+Frame.m"; sourceTree = "<group>"; };
		5820E6081A3B2DA800D6DB98 /* bgBuyGoldCell@2x.png */ = {isa = PBXFileReference; lastKnownFileType = image.png; path = "bgBuyGoldCell@2x.png"; sourceTree = "<group>"; };
		5820E6091A3B2DA800D6DB98 /* btnBuyGold@2x.png */ = {isa = PBXFileReference; lastKnownFileType = image.png; path = "btnBuyGold@2x.png"; sourceTree = "<group>"; };
		5820E60A1A3B2DA800D6DB98 /* icGold@2x.png */ = {isa = PBXFileReference; lastKnownFileType = image.png; path = "icGold@2x.png"; sourceTree = "<group>"; };
		5820E60E1A3B38CE00D6DB98 /* UIPayoutView.h */ = {isa = PBXFileReference; fileEncoding = 4; lastKnownFileType = sourcecode.c.h; path = UIPayoutView.h; sourceTree = "<group>"; };
		5820E60F1A3B38CE00D6DB98 /* UIPayoutView.m */ = {isa = PBXFileReference; fileEncoding = 4; lastKnownFileType = sourcecode.c.objc; path = UIPayoutView.m; sourceTree = "<group>"; };
		5820E6111A3B446900D6DB98 /* bgTxtAmount@2x.png */ = {isa = PBXFileReference; lastKnownFileType = image.png; path = "bgTxtAmount@2x.png"; sourceTree = "<group>"; };
		5820E6121A3B446900D6DB98 /* bgTxtPaypalAcc@2x.png */ = {isa = PBXFileReference; lastKnownFileType = image.png; path = "bgTxtPaypalAcc@2x.png"; sourceTree = "<group>"; };
		5820E6151A3B4E7100D6DB98 /* bgRequest@2x.png */ = {isa = PBXFileReference; lastKnownFileType = image.png; path = "bgRequest@2x.png"; sourceTree = "<group>"; };
		5820E6171A3B52A700D6DB98 /* UIHistoryView.h */ = {isa = PBXFileReference; fileEncoding = 4; lastKnownFileType = sourcecode.c.h; path = UIHistoryView.h; sourceTree = "<group>"; };
		5820E6181A3B52A700D6DB98 /* UIHistoryView.m */ = {isa = PBXFileReference; fileEncoding = 4; lastKnownFileType = sourcecode.c.objc; path = UIHistoryView.m; sourceTree = "<group>"; };
		5820E61A1A3B57BE00D6DB98 /* HistoryTableViewCell.h */ = {isa = PBXFileReference; fileEncoding = 4; lastKnownFileType = sourcecode.c.h; path = HistoryTableViewCell.h; sourceTree = "<group>"; };
		5820E61B1A3B57BE00D6DB98 /* HistoryTableViewCell.m */ = {isa = PBXFileReference; fileEncoding = 4; lastKnownFileType = sourcecode.c.objc; path = HistoryTableViewCell.m; sourceTree = "<group>"; };
		5868DB2B1A38829F000CCED1 /* LCVeticalCell.h */ = {isa = PBXFileReference; fileEncoding = 4; lastKnownFileType = sourcecode.c.h; path = LCVeticalCell.h; sourceTree = "<group>"; };
		5868DB2C1A38829F000CCED1 /* LCVeticalCell.m */ = {isa = PBXFileReference; fileEncoding = 4; lastKnownFileType = sourcecode.c.objc; path = LCVeticalCell.m; sourceTree = "<group>"; };
		5868DB2E1A38A21B000CCED1 /* PrefixHeader.pch */ = {isa = PBXFileReference; fileEncoding = 4; lastKnownFileType = sourcecode.c.h; path = PrefixHeader.pch; sourceTree = "<group>"; };
		5896AD5F1A3A050B00C35A1A /* btnClose@2x.png */ = {isa = PBXFileReference; lastKnownFileType = image.png; path = "btnClose@2x.png"; sourceTree = "<group>"; };
		5896AD601A3A050B00C35A1A /* bgPopupView@2x.png */ = {isa = PBXFileReference; lastKnownFileType = image.png; path = "bgPopupView@2x.png"; sourceTree = "<group>"; };
		5896AD631A3A084500C35A1A /* Oswald-Bold.otf */ = {isa = PBXFileReference; lastKnownFileType = file; path = "Oswald-Bold.otf"; sourceTree = "<group>"; };
		5896AD651A3A107E00C35A1A /* BuyGoldTableViewCell.h */ = {isa = PBXFileReference; fileEncoding = 4; lastKnownFileType = sourcecode.c.h; path = BuyGoldTableViewCell.h; sourceTree = "<group>"; };
		5896AD661A3A107E00C35A1A /* BuyGoldTableViewCell.m */ = {isa = PBXFileReference; fileEncoding = 4; lastKnownFileType = sourcecode.c.objc; path = BuyGoldTableViewCell.m; sourceTree = "<group>"; };
		6E3E46361A36AFD6000DD2FA /* SpriteDemo.app */ = {isa = PBXFileReference; explicitFileType = wrapper.application; includeInIndex = 0; path = SpriteDemo.app; sourceTree = BUILT_PRODUCTS_DIR; };
		6E3E463A1A36AFD6000DD2FA /* Info.plist */ = {isa = PBXFileReference; lastKnownFileType = text.plist.xml; path = Info.plist; sourceTree = "<group>"; };
		6E3E463B1A36AFD7000DD2FA /* main.m */ = {isa = PBXFileReference; lastKnownFileType = sourcecode.c.objc; path = main.m; sourceTree = "<group>"; };
		6E3E463D1A36AFD7000DD2FA /* AppDelegate.h */ = {isa = PBXFileReference; lastKnownFileType = sourcecode.c.h; path = AppDelegate.h; sourceTree = "<group>"; };
		6E3E463E1A36AFD7000DD2FA /* AppDelegate.m */ = {isa = PBXFileReference; lastKnownFileType = sourcecode.c.objc; path = AppDelegate.m; sourceTree = "<group>"; };
		6E3E46401A36AFD7000DD2FA /* GameScene.h */ = {isa = PBXFileReference; lastKnownFileType = sourcecode.c.h; path = GameScene.h; sourceTree = "<group>"; };
		6E3E46411A36AFD7000DD2FA /* GameScene.m */ = {isa = PBXFileReference; lastKnownFileType = sourcecode.c.objc; path = GameScene.m; sourceTree = "<group>"; };
		6E3E46431A36AFD7000DD2FA /* GameScene.sks */ = {isa = PBXFileReference; lastKnownFileType = file.sks; path = GameScene.sks; sourceTree = "<group>"; };
		6E3E46451A36AFD7000DD2FA /* GameViewController.h */ = {isa = PBXFileReference; lastKnownFileType = sourcecode.c.h; path = GameViewController.h; sourceTree = "<group>"; };
		6E3E46461A36AFD7000DD2FA /* GameViewController.m */ = {isa = PBXFileReference; lastKnownFileType = sourcecode.c.objc; path = GameViewController.m; sourceTree = "<group>"; };
		6E3E46491A36AFD7000DD2FA /* Base */ = {isa = PBXFileReference; lastKnownFileType = file.storyboard; name = Base; path = Base.lproj/Main.storyboard; sourceTree = "<group>"; };
		6E3E464B1A36AFD7000DD2FA /* Images.xcassets */ = {isa = PBXFileReference; lastKnownFileType = folder.assetcatalog; path = Images.xcassets; sourceTree = "<group>"; };
		6E3E464E1A36AFD7000DD2FA /* Base */ = {isa = PBXFileReference; lastKnownFileType = file.xib; name = Base; path = Base.lproj/LaunchScreen.xib; sourceTree = "<group>"; };
		6E3E46541A36AFD7000DD2FA /* SpriteDemoTests.xctest */ = {isa = PBXFileReference; explicitFileType = wrapper.cfbundle; includeInIndex = 0; path = SpriteDemoTests.xctest; sourceTree = BUILT_PRODUCTS_DIR; };
		6E3E46591A36AFD7000DD2FA /* Info.plist */ = {isa = PBXFileReference; lastKnownFileType = text.plist.xml; path = Info.plist; sourceTree = "<group>"; };
		6E3E465A1A36AFD7000DD2FA /* SpriteDemoTests.m */ = {isa = PBXFileReference; lastKnownFileType = sourcecode.c.objc; path = SpriteDemoTests.m; sourceTree = "<group>"; };
		6E3E46651A36B067000DD2FA /* bg@2x.png */ = {isa = PBXFileReference; lastKnownFileType = image.png; path = "bg@2x.png"; sourceTree = "<group>"; };
		6E3E46661A36B067000DD2FA /* bgBet@2x.png */ = {isa = PBXFileReference; lastKnownFileType = image.png; path = "bgBet@2x.png"; sourceTree = "<group>"; };
		6E3E46671A36B067000DD2FA /* bgCenterMachine@2x.png */ = {isa = PBXFileReference; lastKnownFileType = image.png; path = "bgCenterMachine@2x.png"; sourceTree = "<group>"; };
		6E3E46681A36B067000DD2FA /* bgHeader@2x.png */ = {isa = PBXFileReference; lastKnownFileType = image.png; path = "bgHeader@2x.png"; sourceTree = "<group>"; };
		6E3E46691A36B067000DD2FA /* bgLeft@2x.png */ = {isa = PBXFileReference; lastKnownFileType = image.png; path = "bgLeft@2x.png"; sourceTree = "<group>"; };
		6E3E466A1A36B067000DD2FA /* bgLevel@2x.png */ = {isa = PBXFileReference; lastKnownFileType = image.png; path = "bgLevel@2x.png"; sourceTree = "<group>"; };
		6E3E466B1A36B067000DD2FA /* bgMachine@2x.png */ = {isa = PBXFileReference; lastKnownFileType = image.png; path = "bgMachine@2x.png"; sourceTree = "<group>"; };
		6E3E466C1A36B067000DD2FA /* bgMaxBet@2x.png */ = {isa = PBXFileReference; lastKnownFileType = image.png; path = "bgMaxBet@2x.png"; sourceTree = "<group>"; };
		6E3E466D1A36B067000DD2FA /* bgMoney@2x.png */ = {isa = PBXFileReference; lastKnownFileType = image.png; path = "bgMoney@2x.png"; sourceTree = "<group>"; };
		6E3E466E1A36B067000DD2FA /* bgRight@2x.png */ = {isa = PBXFileReference; lastKnownFileType = image.png; path = "bgRight@2x.png"; sourceTree = "<group>"; };
		6E3E466F1A36B067000DD2FA /* bgWin@2x.png */ = {isa = PBXFileReference; lastKnownFileType = image.png; path = "bgWin@2x.png"; sourceTree = "<group>"; };
		6E3E46701A36B067000DD2FA /* btnBet@2x.png */ = {isa = PBXFileReference; lastKnownFileType = image.png; path = "btnBet@2x.png"; sourceTree = "<group>"; };
		6E3E46711A36B067000DD2FA /* btnBuy@2x.png */ = {isa = PBXFileReference; lastKnownFileType = image.png; path = "btnBuy@2x.png"; sourceTree = "<group>"; };
		6E3E46721A36B067000DD2FA /* btnHistory@2x.png */ = {isa = PBXFileReference; lastKnownFileType = image.png; path = "btnHistory@2x.png"; sourceTree = "<group>"; };
		6E3E46731A36B067000DD2FA /* btnMaxBet@2x.png */ = {isa = PBXFileReference; lastKnownFileType = image.png; path = "btnMaxBet@2x.png"; sourceTree = "<group>"; };
		6E3E46741A36B067000DD2FA /* btnPayout@2x.png */ = {isa = PBXFileReference; lastKnownFileType = image.png; path = "btnPayout@2x.png"; sourceTree = "<group>"; };
		6E3E46751A36B067000DD2FA /* btnShop@2x.png */ = {isa = PBXFileReference; lastKnownFileType = image.png; path = "btnShop@2x.png"; sourceTree = "<group>"; };
		6E3E46761A36B067000DD2FA /* btnSpin@2x.png */ = {isa = PBXFileReference; lastKnownFileType = image.png; path = "btnSpin@2x.png"; sourceTree = "<group>"; };
		6E3E46771A36B067000DD2FA /* Default-568h@2x.png */ = {isa = PBXFileReference; lastKnownFileType = image.png; path = "Default-568h@2x.png"; sourceTree = "<group>"; };
		6E3E46781A36B067000DD2FA /* jackPot0@2x.png */ = {isa = PBXFileReference; lastKnownFileType = image.png; path = "jackPot0@2x.png"; sourceTree = "<group>"; };
		6E3E46791A36B067000DD2FA /* jackPot1@2x.png */ = {isa = PBXFileReference; lastKnownFileType = image.png; path = "jackPot1@2x.png"; sourceTree = "<group>"; };
		6E3E467A1A36B067000DD2FA /* jackPot2@2x.png */ = {isa = PBXFileReference; lastKnownFileType = image.png; path = "jackPot2@2x.png"; sourceTree = "<group>"; };
		6E3E467B1A36B067000DD2FA /* jackPot3@2x.png */ = {isa = PBXFileReference; lastKnownFileType = image.png; path = "jackPot3@2x.png"; sourceTree = "<group>"; };
		6E8514FD1A38458A00AE65C2 /* Utils.h */ = {isa = PBXFileReference; fileEncoding = 4; lastKnownFileType = sourcecode.c.h; path = Utils.h; sourceTree = "<group>"; };
		6E8514FE1A38458A00AE65C2 /* Utils.m */ = {isa = PBXFileReference; fileEncoding = 4; lastKnownFileType = sourcecode.c.objc; path = Utils.m; sourceTree = "<group>"; };
/* End PBXFileReference section */

/* Begin PBXFrameworksBuildPhase section */
		6E3E46331A36AFD6000DD2FA /* Frameworks */ = {
			isa = PBXFrameworksBuildPhase;
			buildActionMask = 2147483647;
			files = (
			);
			runOnlyForDeploymentPostprocessing = 0;
		};
		6E3E46511A36AFD7000DD2FA /* Frameworks */ = {
			isa = PBXFrameworksBuildPhase;
			buildActionMask = 2147483647;
			files = (
			);
			runOnlyForDeploymentPostprocessing = 0;
		};
/* End PBXFrameworksBuildPhase section */

/* Begin PBXGroup section */
		5820E6011A3B0ADB00D6DB98 /* Category */ = {
			isa = PBXGroup;
			children = (
				5820E6021A3B0ADB00D6DB98 /* SKNode+Frame.h */,
				5820E6031A3B0ADB00D6DB98 /* SKNode+Frame.m */,
				5820E6041A3B0ADB00D6DB98 /* UIView+Frame.h */,
				5820E6051A3B0ADB00D6DB98 /* UIView+Frame.m */,
			);
			path = Category;
			sourceTree = "<group>";
		};
		6E3E462D1A36AFD6000DD2FA = {
			isa = PBXGroup;
			children = (
				6E3E46381A36AFD6000DD2FA /* SpriteDemo */,
				6E3E46571A36AFD7000DD2FA /* SpriteDemoTests */,
				6E3E46371A36AFD6000DD2FA /* Products */,
			);
			sourceTree = "<group>";
		};
		6E3E46371A36AFD6000DD2FA /* Products */ = {
			isa = PBXGroup;
			children = (
				6E3E46361A36AFD6000DD2FA /* SpriteDemo.app */,
				6E3E46541A36AFD7000DD2FA /* SpriteDemoTests.xctest */,
			);
			name = Products;
			sourceTree = "<group>";
		};
		6E3E46381A36AFD6000DD2FA /* SpriteDemo */ = {
			isa = PBXGroup;
			children = (
				6E3E463D1A36AFD7000DD2FA /* AppDelegate.h */,
				6E3E463E1A36AFD7000DD2FA /* AppDelegate.m */,
				6E3E46401A36AFD7000DD2FA /* GameScene.h */,
				6E3E46411A36AFD7000DD2FA /* GameScene.m */,
				6E3E46431A36AFD7000DD2FA /* GameScene.sks */,
				6E3E46451A36AFD7000DD2FA /* GameViewController.h */,
				6E3E46461A36AFD7000DD2FA /* GameViewController.m */,
				6E3E46481A36AFD7000DD2FA /* Main.storyboard */,
				6E8514FD1A38458A00AE65C2 /* Utils.h */,
				6E8514FE1A38458A00AE65C2 /* Utils.m */,
				5868DB2B1A38829F000CCED1 /* LCVeticalCell.h */,
				5868DB2C1A38829F000CCED1 /* LCVeticalCell.m */,
				580864001A39EE21002F35BE /* UIPopupView.h */,
				580864011A39EE21002F35BE /* UIPopupView.m */,
				580864051A39F152002F35BE /* UIBuyGoldVIew.h */,
				580864061A39F152002F35BE /* UIBuyGoldVIew.m */,
				5820E60E1A3B38CE00D6DB98 /* UIPayoutView.h */,
				5820E60F1A3B38CE00D6DB98 /* UIPayoutView.m */,
				5896AD651A3A107E00C35A1A /* BuyGoldTableViewCell.h */,
				5896AD661A3A107E00C35A1A /* BuyGoldTableViewCell.m */,
				5820E61A1A3B57BE00D6DB98 /* HistoryTableViewCell.h */,
				5820E61B1A3B57BE00D6DB98 /* HistoryTableViewCell.m */,
				5820E6171A3B52A700D6DB98 /* UIHistoryView.h */,
				5820E6181A3B52A700D6DB98 /* UIHistoryView.m */,
				5820E6011A3B0ADB00D6DB98 /* Category */,
				6E3E464B1A36AFD7000DD2FA /* Images.xcassets */,
				6E3E464D1A36AFD7000DD2FA /* LaunchScreen.xib */,
				6E3E46641A36B067000DD2FA /* Resource */,
				6E3E46391A36AFD6000DD2FA /* Supporting Files */,
			);
			path = SpriteDemo;
			sourceTree = "<group>";
		};
		6E3E46391A36AFD6000DD2FA /* Supporting Files */ = {
			isa = PBXGroup;
			children = (
				5868DB2E1A38A21B000CCED1 /* PrefixHeader.pch */,
				6E3E463A1A36AFD6000DD2FA /* Info.plist */,
				6E3E463B1A36AFD7000DD2FA /* main.m */,
			);
			name = "Supporting Files";
			sourceTree = "<group>";
		};
		6E3E46571A36AFD7000DD2FA /* SpriteDemoTests */ = {
			isa = PBXGroup;
			children = (
				6E3E465A1A36AFD7000DD2FA /* SpriteDemoTests.m */,
				6E3E46581A36AFD7000DD2FA /* Supporting Files */,
			);
			path = SpriteDemoTests;
			sourceTree = "<group>";
		};
		6E3E46581A36AFD7000DD2FA /* Supporting Files */ = {
			isa = PBXGroup;
			children = (
				6E3E46591A36AFD7000DD2FA /* Info.plist */,
			);
			name = "Supporting Files";
			sourceTree = "<group>";
		};
		6E3E46641A36B067000DD2FA /* Resource */ = {
			isa = PBXGroup;
			children = (
				5896AD631A3A084500C35A1A /* Oswald-Bold.otf */,
				5820E6111A3B446900D6DB98 /* bgTxtAmount@2x.png */,
				5820E6121A3B446900D6DB98 /* bgTxtPaypalAcc@2x.png */,
				6E3E46651A36B067000DD2FA /* bg@2x.png */,
				5820E6151A3B4E7100D6DB98 /* bgRequest@2x.png */,
				6E3E46661A36B067000DD2FA /* bgBet@2x.png */,
				6E3E46671A36B067000DD2FA /* bgCenterMachine@2x.png */,
				6E3E46681A36B067000DD2FA /* bgHeader@2x.png */,
				6E3E46691A36B067000DD2FA /* bgLeft@2x.png */,
				6E3E466A1A36B067000DD2FA /* bgLevel@2x.png */,
				6E3E466B1A36B067000DD2FA /* bgMachine@2x.png */,
				6E3E466C1A36B067000DD2FA /* bgMaxBet@2x.png */,
				6E3E466D1A36B067000DD2FA /* bgMoney@2x.png */,
				6E3E466E1A36B067000DD2FA /* bgRight@2x.png */,
				6E3E466F1A36B067000DD2FA /* bgWin@2x.png */,
				6E3E46701A36B067000DD2FA /* btnBet@2x.png */,
				6E3E46711A36B067000DD2FA /* btnBuy@2x.png */,
				6E3E46721A36B067000DD2FA /* btnHistory@2x.png */,
				6E3E46731A36B067000DD2FA /* btnMaxBet@2x.png */,
				6E3E46741A36B067000DD2FA /* btnPayout@2x.png */,
				6E3E46751A36B067000DD2FA /* btnShop@2x.png */,
				6E3E46761A36B067000DD2FA /* btnSpin@2x.png */,
				6E3E46771A36B067000DD2FA /* Default-568h@2x.png */,
				6E3E46781A36B067000DD2FA /* jackPot0@2x.png */,
				6E3E46791A36B067000DD2FA /* jackPot1@2x.png */,
				6E3E467A1A36B067000DD2FA /* jackPot2@2x.png */,
				6E3E467B1A36B067000DD2FA /* jackPot3@2x.png */,
				5896AD5F1A3A050B00C35A1A /* btnClose@2x.png */,
				5896AD601A3A050B00C35A1A /* bgPopupView@2x.png */,
				5820E6081A3B2DA800D6DB98 /* bgBuyGoldCell@2x.png */,
				5820E6091A3B2DA800D6DB98 /* btnBuyGold@2x.png */,
				5820E60A1A3B2DA800D6DB98 /* icGold@2x.png */,
			);
			path = Resource;
			sourceTree = "<group>";
		};
/* End PBXGroup section */

/* Begin PBXNativeTarget section */
		6E3E46351A36AFD6000DD2FA /* SpriteDemo */ = {
			isa = PBXNativeTarget;
			buildConfigurationList = 6E3E465E1A36AFD7000DD2FA /* Build configuration list for PBXNativeTarget "SpriteDemo" */;
			buildPhases = (
				6E3E46321A36AFD6000DD2FA /* Sources */,
				6E3E46331A36AFD6000DD2FA /* Frameworks */,
				6E3E46341A36AFD6000DD2FA /* Resources */,
			);
			buildRules = (
			);
			dependencies = (
			);
			name = SpriteDemo;
			productName = SpriteDemo;
			productReference = 6E3E46361A36AFD6000DD2FA /* SpriteDemo.app */;
			productType = "com.apple.product-type.application";
		};
		6E3E46531A36AFD7000DD2FA /* SpriteDemoTests */ = {
			isa = PBXNativeTarget;
			buildConfigurationList = 6E3E46611A36AFD7000DD2FA /* Build configuration list for PBXNativeTarget "SpriteDemoTests" */;
			buildPhases = (
				6E3E46501A36AFD7000DD2FA /* Sources */,
				6E3E46511A36AFD7000DD2FA /* Frameworks */,
				6E3E46521A36AFD7000DD2FA /* Resources */,
			);
			buildRules = (
			);
			dependencies = (
				6E3E46561A36AFD7000DD2FA /* PBXTargetDependency */,
			);
			name = SpriteDemoTests;
			productName = SpriteDemoTests;
			productReference = 6E3E46541A36AFD7000DD2FA /* SpriteDemoTests.xctest */;
			productType = "com.apple.product-type.bundle.unit-test";
		};
/* End PBXNativeTarget section */

/* Begin PBXProject section */
		6E3E462E1A36AFD6000DD2FA /* Project object */ = {
			isa = PBXProject;
			attributes = {
				LastUpgradeCheck = 0610;
				ORGANIZATIONNAME = "Lê Công";
				TargetAttributes = {
					6E3E46351A36AFD6000DD2FA = {
						CreatedOnToolsVersion = 6.1.1;
					};
					6E3E46531A36AFD7000DD2FA = {
						CreatedOnToolsVersion = 6.1.1;
						TestTargetID = 6E3E46351A36AFD6000DD2FA;
					};
				};
			};
			buildConfigurationList = 6E3E46311A36AFD6000DD2FA /* Build configuration list for PBXProject "SpriteDemo" */;
			compatibilityVersion = "Xcode 3.2";
			developmentRegion = English;
			hasScannedForEncodings = 0;
			knownRegions = (
				en,
				Base,
			);
			mainGroup = 6E3E462D1A36AFD6000DD2FA;
			productRefGroup = 6E3E46371A36AFD6000DD2FA /* Products */;
			projectDirPath = "";
			projectRoot = "";
			targets = (
				6E3E46351A36AFD6000DD2FA /* SpriteDemo */,
				6E3E46531A36AFD7000DD2FA /* SpriteDemoTests */,
			);
		};
/* End PBXProject section */

/* Begin PBXResourcesBuildPhase section */
		6E3E46341A36AFD6000DD2FA /* Resources */ = {
			isa = PBXResourcesBuildPhase;
			buildActionMask = 2147483647;
			files = (
				6E3E46861A36B067000DD2FA /* bgWin@2x.png in Resources */,
				5820E60B1A3B2DA800D6DB98 /* bgBuyGoldCell@2x.png in Resources */,
				6E3E46801A36B067000DD2FA /* bgLeft@2x.png in Resources */,
				6E3E46841A36B067000DD2FA /* bgMoney@2x.png in Resources */,
				6E3E464F1A36AFD7000DD2FA /* LaunchScreen.xib in Resources */,
				5896AD621A3A050B00C35A1A /* bgPopupView@2x.png in Resources */,
				6E3E46891A36B067000DD2FA /* btnHistory@2x.png in Resources */,
				5820E6161A3B4E7100D6DB98 /* bgRequest@2x.png in Resources */,
				6E3E467D1A36B067000DD2FA /* bgBet@2x.png in Resources */,
				5820E60C1A3B2DA800D6DB98 /* btnBuyGold@2x.png in Resources */,
				5896AD611A3A050B00C35A1A /* btnClose@2x.png in Resources */,
				5820E6131A3B446900D6DB98 /* bgTxtAmount@2x.png in Resources */,
				6E3E468A1A36B067000DD2FA /* btnMaxBet@2x.png in Resources */,
				6E3E464C1A36AFD7000DD2FA /* Images.xcassets in Resources */,
				6E3E46811A36B067000DD2FA /* bgLevel@2x.png in Resources */,
				6E3E46851A36B067000DD2FA /* bgRight@2x.png in Resources */,
				5820E6141A3B446900D6DB98 /* bgTxtPaypalAcc@2x.png in Resources */,
				6E3E46911A36B067000DD2FA /* jackPot2@2x.png in Resources */,
				6E3E46821A36B067000DD2FA /* bgMachine@2x.png in Resources */,
				6E3E46871A36B067000DD2FA /* btnBet@2x.png in Resources */,
				5820E60D1A3B2DA800D6DB98 /* icGold@2x.png in Resources */,
				6E3E46441A36AFD7000DD2FA /* GameScene.sks in Resources */,
				6E3E46881A36B067000DD2FA /* btnBuy@2x.png in Resources */,
				6E3E464A1A36AFD7000DD2FA /* Main.storyboard in Resources */,
				6E3E467E1A36B067000DD2FA /* bgCenterMachine@2x.png in Resources */,
				6E3E468F1A36B067000DD2FA /* jackPot0@2x.png in Resources */,
				6E3E467F1A36B067000DD2FA /* bgHeader@2x.png in Resources */,
				6E3E46901A36B067000DD2FA /* jackPot1@2x.png in Resources */,
				6E3E468E1A36B067000DD2FA /* Default-568h@2x.png in Resources */,
				6E3E468D1A36B067000DD2FA /* btnSpin@2x.png in Resources */,
				6E3E46921A36B067000DD2FA /* jackPot3@2x.png in Resources */,
				6E3E468C1A36B067000DD2FA /* btnShop@2x.png in Resources */,
				5896AD641A3A084500C35A1A /* Oswald-Bold.otf in Resources */,
				6E3E46831A36B067000DD2FA /* bgMaxBet@2x.png in Resources */,
				6E3E467C1A36B067000DD2FA /* bg@2x.png in Resources */,
				6E3E468B1A36B067000DD2FA /* btnPayout@2x.png in Resources */,
			);
			runOnlyForDeploymentPostprocessing = 0;
		};
		6E3E46521A36AFD7000DD2FA /* Resources */ = {
			isa = PBXResourcesBuildPhase;
			buildActionMask = 2147483647;
			files = (
			);
			runOnlyForDeploymentPostprocessing = 0;
		};
/* End PBXResourcesBuildPhase section */

/* Begin PBXSourcesBuildPhase section */
		6E3E46321A36AFD6000DD2FA /* Sources */ = {
			isa = PBXSourcesBuildPhase;
			buildActionMask = 2147483647;
			files = (
				5868DB2D1A38829F000CCED1 /* LCVeticalCell.m in Sources */,
				580864071A39F152002F35BE /* UIBuyGoldVIew.m in Sources */,
				6E3E46471A36AFD7000DD2FA /* GameViewController.m in Sources */,
				6E3E463F1A36AFD7000DD2FA /* AppDelegate.m in Sources */,
				5820E61C1A3B57BE00D6DB98 /* HistoryTableViewCell.m in Sources */,
				5820E6101A3B38CE00D6DB98 /* UIPayoutView.m in Sources */,
				6E3E46421A36AFD7000DD2FA /* GameScene.m in Sources */,
				5896AD671A3A107E00C35A1A /* BuyGoldTableViewCell.m in Sources */,
				6E8514FF1A38458A00AE65C2 /* Utils.m in Sources */,
				5820E6061A3B0ADB00D6DB98 /* SKNode+Frame.m in Sources */,
				5820E6191A3B52A800D6DB98 /* UIHistoryView.m in Sources */,
				6E3E463C1A36AFD7000DD2FA /* main.m in Sources */,
				580864021A39EE21002F35BE /* UIPopupView.m in Sources */,
				5820E6071A3B0ADB00D6DB98 /* UIView+Frame.m in Sources */,
			);
			runOnlyForDeploymentPostprocessing = 0;
		};
		6E3E46501A36AFD7000DD2FA /* Sources */ = {
			isa = PBXSourcesBuildPhase;
			buildActionMask = 2147483647;
			files = (
				6E3E465B1A36AFD7000DD2FA /* SpriteDemoTests.m in Sources */,
			);
			runOnlyForDeploymentPostprocessing = 0;
		};
/* End PBXSourcesBuildPhase section */

/* Begin PBXTargetDependency section */
		6E3E46561A36AFD7000DD2FA /* PBXTargetDependency */ = {
			isa = PBXTargetDependency;
			target = 6E3E46351A36AFD6000DD2FA /* SpriteDemo */;
			targetProxy = 6E3E46551A36AFD7000DD2FA /* PBXContainerItemProxy */;
		};
/* End PBXTargetDependency section */

/* Begin PBXVariantGroup section */
		6E3E46481A36AFD7000DD2FA /* Main.storyboard */ = {
			isa = PBXVariantGroup;
			children = (
				6E3E46491A36AFD7000DD2FA /* Base */,
			);
			name = Main.storyboard;
			sourceTree = "<group>";
		};
		6E3E464D1A36AFD7000DD2FA /* LaunchScreen.xib */ = {
			isa = PBXVariantGroup;
			children = (
				6E3E464E1A36AFD7000DD2FA /* Base */,
			);
			name = LaunchScreen.xib;
			sourceTree = "<group>";
		};
/* End PBXVariantGroup section */

/* Begin XCBuildConfiguration section */
		6E3E465C1A36AFD7000DD2FA /* Debug */ = {
			isa = XCBuildConfiguration;
			buildSettings = {
				ALWAYS_SEARCH_USER_PATHS = NO;
				CLANG_CXX_LANGUAGE_STANDARD = "gnu++0x";
				CLANG_CXX_LIBRARY = "libc++";
				CLANG_ENABLE_MODULES = YES;
				CLANG_ENABLE_OBJC_ARC = YES;
				CLANG_WARN_BOOL_CONVERSION = YES;
				CLANG_WARN_CONSTANT_CONVERSION = YES;
				CLANG_WARN_DIRECT_OBJC_ISA_USAGE = YES_ERROR;
				CLANG_WARN_EMPTY_BODY = YES;
				CLANG_WARN_ENUM_CONVERSION = YES;
				CLANG_WARN_INT_CONVERSION = YES;
				CLANG_WARN_OBJC_ROOT_CLASS = YES_ERROR;
				CLANG_WARN_UNREACHABLE_CODE = YES;
				CLANG_WARN__DUPLICATE_METHOD_MATCH = YES;
				"CODE_SIGN_IDENTITY[sdk=iphoneos*]" = "iPhone Developer";
				COPY_PHASE_STRIP = NO;
				ENABLE_STRICT_OBJC_MSGSEND = YES;
				GCC_C_LANGUAGE_STANDARD = gnu99;
				GCC_DYNAMIC_NO_PIC = NO;
				GCC_OPTIMIZATION_LEVEL = 0;
				GCC_PREPROCESSOR_DEFINITIONS = (
					"DEBUG=1",
					"$(inherited)",
				);
				GCC_SYMBOLS_PRIVATE_EXTERN = NO;
				GCC_WARN_64_TO_32_BIT_CONVERSION = YES;
				GCC_WARN_ABOUT_RETURN_TYPE = YES_ERROR;
				GCC_WARN_UNDECLARED_SELECTOR = YES;
				GCC_WARN_UNINITIALIZED_AUTOS = YES_AGGRESSIVE;
				GCC_WARN_UNUSED_FUNCTION = YES;
				GCC_WARN_UNUSED_VARIABLE = YES;
				IPHONEOS_DEPLOYMENT_TARGET = 8.1;
				MTL_ENABLE_DEBUG_INFO = YES;
				ONLY_ACTIVE_ARCH = YES;
				SDKROOT = iphoneos;
			};
			name = Debug;
		};
		6E3E465D1A36AFD7000DD2FA /* Release */ = {
			isa = XCBuildConfiguration;
			buildSettings = {
				ALWAYS_SEARCH_USER_PATHS = NO;
				CLANG_CXX_LANGUAGE_STANDARD = "gnu++0x";
				CLANG_CXX_LIBRARY = "libc++";
				CLANG_ENABLE_MODULES = YES;
				CLANG_ENABLE_OBJC_ARC = YES;
				CLANG_WARN_BOOL_CONVERSION = YES;
				CLANG_WARN_CONSTANT_CONVERSION = YES;
				CLANG_WARN_DIRECT_OBJC_ISA_USAGE = YES_ERROR;
				CLANG_WARN_EMPTY_BODY = YES;
				CLANG_WARN_ENUM_CONVERSION = YES;
				CLANG_WARN_INT_CONVERSION = YES;
				CLANG_WARN_OBJC_ROOT_CLASS = YES_ERROR;
				CLANG_WARN_UNREACHABLE_CODE = YES;
				CLANG_WARN__DUPLICATE_METHOD_MATCH = YES;
				"CODE_SIGN_IDENTITY[sdk=iphoneos*]" = "iPhone Developer";
				COPY_PHASE_STRIP = YES;
				ENABLE_NS_ASSERTIONS = NO;
				ENABLE_STRICT_OBJC_MSGSEND = YES;
				GCC_C_LANGUAGE_STANDARD = gnu99;
				GCC_WARN_64_TO_32_BIT_CONVERSION = YES;
				GCC_WARN_ABOUT_RETURN_TYPE = YES_ERROR;
				GCC_WARN_UNDECLARED_SELECTOR = YES;
				GCC_WARN_UNINITIALIZED_AUTOS = YES_AGGRESSIVE;
				GCC_WARN_UNUSED_FUNCTION = YES;
				GCC_WARN_UNUSED_VARIABLE = YES;
				IPHONEOS_DEPLOYMENT_TARGET = 8.1;
				MTL_ENABLE_DEBUG_INFO = NO;
				SDKROOT = iphoneos;
				VALIDATE_PRODUCT = YES;
			};
			name = Release;
		};
		6E3E465F1A36AFD7000DD2FA /* Debug */ = {
			isa = XCBuildConfiguration;
			buildSettings = {
				ASSETCATALOG_COMPILER_APPICON_NAME = AppIcon;
				ASSETCATALOG_COMPILER_LAUNCHIMAGE_NAME = LaunchImage;
				GCC_PRECOMPILE_PREFIX_HEADER = NO;
				GCC_PREFIX_HEADER = "$(SRCROOT)/PrefixHeader.pch";
				INFOPLIST_FILE = SpriteDemo/Info.plist;
				IPHONEOS_DEPLOYMENT_TARGET = 7.0;
				LD_RUNPATH_SEARCH_PATHS = "$(inherited) @executable_path/Frameworks";
				PRODUCT_NAME = "$(TARGET_NAME)";
			};
			name = Debug;
		};
		6E3E46601A36AFD7000DD2FA /* Release */ = {
			isa = XCBuildConfiguration;
			buildSettings = {
				ASSETCATALOG_COMPILER_APPICON_NAME = AppIcon;
				ASSETCATALOG_COMPILER_LAUNCHIMAGE_NAME = LaunchImage;
				GCC_PRECOMPILE_PREFIX_HEADER = NO;
				GCC_PREFIX_HEADER = "$(SRCROOT)/PrefixHeader.pch";
				INFOPLIST_FILE = SpriteDemo/Info.plist;
				IPHONEOS_DEPLOYMENT_TARGET = 7.0;
				LD_RUNPATH_SEARCH_PATHS = "$(inherited) @executable_path/Frameworks";
				PRODUCT_NAME = "$(TARGET_NAME)";
			};
			name = Release;
		};
		6E3E46621A36AFD7000DD2FA /* Debug */ = {
			isa = XCBuildConfiguration;
			buildSettings = {
				BUNDLE_LOADER = "$(TEST_HOST)";
				FRAMEWORK_SEARCH_PATHS = (
					"$(SDKROOT)/Developer/Library/Frameworks",
					"$(inherited)",
				);
				GCC_PREPROCESSOR_DEFINITIONS = (
					"DEBUG=1",
					"$(inherited)",
				);
				INFOPLIST_FILE = SpriteDemoTests/Info.plist;
				LD_RUNPATH_SEARCH_PATHS = "$(inherited) @executable_path/Frameworks @loader_path/Frameworks";
				PRODUCT_NAME = "$(TARGET_NAME)";
				TEST_HOST = "$(BUILT_PRODUCTS_DIR)/SpriteDemo.app/SpriteDemo";
			};
			name = Debug;
		};
		6E3E46631A36AFD7000DD2FA /* Release */ = {
			isa = XCBuildConfiguration;
			buildSettings = {
				BUNDLE_LOADER = "$(TEST_HOST)";
				FRAMEWORK_SEARCH_PATHS = (
					"$(SDKROOT)/Developer/Library/Frameworks",
					"$(inherited)",
				);
				INFOPLIST_FILE = SpriteDemoTests/Info.plist;
				LD_RUNPATH_SEARCH_PATHS = "$(inherited) @executable_path/Frameworks @loader_path/Frameworks";
				PRODUCT_NAME = "$(TARGET_NAME)";
				TEST_HOST = "$(BUILT_PRODUCTS_DIR)/SpriteDemo.app/SpriteDemo";
			};
			name = Release;
		};
/* End XCBuildConfiguration section */

/* Begin XCConfigurationList section */
		6E3E46311A36AFD6000DD2FA /* Build configuration list for PBXProject "SpriteDemo" */ = {
			isa = XCConfigurationList;
			buildConfigurations = (
				6E3E465C1A36AFD7000DD2FA /* Debug */,
				6E3E465D1A36AFD7000DD2FA /* Release */,
			);
			defaultConfigurationIsVisible = 0;
			defaultConfigurationName = Release;
		};
		6E3E465E1A36AFD7000DD2FA /* Build configuration list for PBXNativeTarget "SpriteDemo" */ = {
			isa = XCConfigurationList;
			buildConfigurations = (
				6E3E465F1A36AFD7000DD2FA /* Debug */,
				6E3E46601A36AFD7000DD2FA /* Release */,
			);
			defaultConfigurationIsVisible = 0;
			defaultConfigurationName = Release;
		};
		6E3E46611A36AFD7000DD2FA /* Build configuration list for PBXNativeTarget "SpriteDemoTests" */ = {
			isa = XCConfigurationList;
			buildConfigurations = (
				6E3E46621A36AFD7000DD2FA /* Debug */,
				6E3E46631A36AFD7000DD2FA /* Release */,
			);
			defaultConfigurationIsVisible = 0;
			defaultConfigurationName = Release;
		};
/* End XCConfigurationList section */
	};
	rootObject = 6E3E462E1A36AFD6000DD2FA /* Project object */;
}
